
Microsoft Visual Studio Solution File, Format Version 12.00
# Visual Studio 15
VisualStudioVersion = 15.0.27004.2002
MinimumVisualStudioVersion = 10.0.40219.1
Project("{FAE04EC0-301F-11D3-BF4B-00C04F79EFBC}") = "smaaahh-wpf", "smaaahh-wpf\smaaahh-wpf.csproj", "{FFFCDECB-E107-4056-A604-72681B899362}"
EndProject
Project("{FAE04EC0-301F-11D3-BF4B-00C04F79EFBC}") = "smaaahh-dao", "smaaahh-dao\smaaahh-dao.csproj", "{63BD312F-690E-4EB2-BBD7-218E892C95CA}"
EndProject
Project("{FAE04EC0-301F-11D3-BF4B-00C04F79EFBC}") = "smaaahh-api", "smaaahh-api\smaaahh-api.csproj", "{37248D5E-D8D7-4639-AA16-0B0859926710}"
EndProject
Project("{FAE04EC0-301F-11D3-BF4B-00C04F79EFBC}") = "smaaahh-test", "smaaahh-test\smaaahh-test.csproj", "{D806597F-CF48-43FD-BB62-26BD16AF94C6}"
EndProject
Project("{FAE04EC0-301F-11D3-BF4B-00C04F79EFBC}") = "smaaahh-web", "smaaahh-web\smaaahh-web.csproj", "{0EC6B0A1-9768-43A9-B226-9E07270544D1}"
EndProject
Global
	GlobalSection(SolutionConfigurationPlatforms) = preSolution
		Debug|Any CPU = Debug|Any CPU
		Release|Any CPU = Release|Any CPU
	EndGlobalSection
	GlobalSection(ProjectConfigurationPlatforms) = postSolution
		{FFFCDECB-E107-4056-A604-72681B899362}.Debug|Any CPU.ActiveCfg = Debug|Any CPU
		{FFFCDECB-E107-4056-A604-72681B899362}.Debug|Any CPU.Build.0 = Debug|Any CPU
		{FFFCDECB-E107-4056-A604-72681B899362}.Release|Any CPU.ActiveCfg = Release|Any CPU
		{FFFCDECB-E107-4056-A604-72681B899362}.Release|Any CPU.Build.0 = Release|Any CPU
		{63BD312F-690E-4EB2-BBD7-218E892C95CA}.Debug|Any CPU.ActiveCfg = Debug|Any CPU
		{63BD312F-690E-4EB2-BBD7-218E892C95CA}.Debug|Any CPU.Build.0 = Debug|Any CPU
		{63BD312F-690E-4EB2-BBD7-218E892C95CA}.Release|Any CPU.ActiveCfg = Release|Any CPU
		{63BD312F-690E-4EB2-BBD7-218E892C95CA}.Release|Any CPU.Build.0 = Release|Any CPU
		{37248D5E-D8D7-4639-AA16-0B0859926710}.Debug|Any CPU.ActiveCfg = Debug|Any CPU
		{37248D5E-D8D7-4639-AA16-0B0859926710}.Debug|Any CPU.Build.0 = Debug|Any CPU
		{37248D5E-D8D7-4639-AA16-0B0859926710}.Release|Any CPU.ActiveCfg = Release|Any CPU
		{37248D5E-D8D7-4639-AA16-0B0859926710}.Release|Any CPU.Build.0 = Release|Any CPU
		{D806597F-CF48-43FD-BB62-26BD16AF94C6}.Debug|Any CPU.ActiveCfg = Debug|Any CPU
		{D806597F-CF48-43FD-BB62-26BD16AF94C6}.Debug|Any CPU.Build.0 = Debug|Any CPU
		{D806597F-CF48-43FD-BB62-26BD16AF94C6}.Release|Any CPU.ActiveCfg = Release|Any CPU
		{D806597F-CF48-43FD-BB62-26BD16AF94C6}.Release|Any CPU.Build.0 = Release|Any CPU
		{0EC6B0A1-9768-43A9-B226-9E07270544D1}.Debug|Any CPU.ActiveCfg = Debug|Any CPU
		{0EC6B0A1-9768-43A9-B226-9E07270544D1}.Debug|Any CPU.Build.0 = Debug|Any CPU
		{0EC6B0A1-9768-43A9-B226-9E07270544D1}.Release|Any CPU.ActiveCfg = Release|Any CPU
		{0EC6B0A1-9768-43A9-B226-9E07270544D1}.Release|Any CPU.Build.0 = Release|Any CPU
	EndGlobalSection
	GlobalSection(SolutionProperties) = preSolution
		HideSolutionNode = FALSE
	EndGlobalSection
	GlobalSection(ExtensibilityGlobals) = postSolution
		SolutionGuid = {4EC91F5C-D252-46C2-87EF-33AA6AB91B9B}
	EndGlobalSection
EndGlobal
